
Microsoft Visual Studio Solution File, Format Version 12.00
# Visual Studio 15
VisualStudioVersion = 15.0.27703.2026
MinimumVisualStudioVersion = 10.0.40219.1
Project("{FAE04EC0-301F-11D3-BF4B-00C04F79EFBC}") = "BMI_Pratice", "BMI_Pratice\BMI_Pratice.csproj", "{0E91A66A-ED4E-430C-8EB1-1CF4B6750426}"
EndProject
Global
	GlobalSection(SolutionConfigurationPlatforms) = preSolution
		Debug|Any CPU = Debug|Any CPU
		Release|Any CPU = Release|Any CPU
	EndGlobalSection
	GlobalSection(ProjectConfigurationPlatforms) = postSolution
		{0E91A66A-ED4E-430C-8EB1-1CF4B6750426}.Debug|Any CPU.ActiveCfg = Debug|Any CPU
		{0E91A66A-ED4E-430C-8EB1-1CF4B6750426}.Debug|Any CPU.Build.0 = Debug|Any CPU
		{0E91A66A-ED4E-430C-8EB1-1CF4B6750426}.Release|Any CPU.ActiveCfg = Release|Any CPU
		{0E91A66A-ED4E-430C-8EB1-1CF4B6750426}.Release|Any CPU.Build.0 = Release|Any CPU
	EndGlobalSection
	GlobalSection(SolutionProperties) = preSolution
		HideSolutionNode = FALSE
	EndGlobalSection
	GlobalSection(ExtensibilityGlobals) = postSolution
		SolutionGuid = {F02AC4A3-DC72-415F-85F4-33B525ECA5AF}
	EndGlobalSection
EndGlobal
